
Microsoft Visual Studio Solution File, Format Version 12.00
# Visual Studio Version 16
VisualStudioVersion = 16.0.30413.136
MinimumVisualStudioVersion = 10.0.40219.1
Project("{9A19103F-16F7-4668-BE54-9A1E7A4F7556}") = "OnSale.Common", "OnSale.Common\OnSale.Common.csproj", "{C1D3F65A-4FAF-4751-B412-C3E12100A1ED}"
EndProject
Project("{9A19103F-16F7-4668-BE54-9A1E7A4F7556}") = "OnSale.Web", "OnSale.Web\OnSale.Web.csproj", "{6981C32A-54D8-4430-A947-FB01D9883181}"
EndProject
Project("{FAE04EC0-301F-11D3-BF4B-00C04F79EFBC}") = "OnSale.Prism", "OnSale.Prism\OnSale.Prism\OnSale.Prism.csproj", "{27D279D8-A7E6-464C-8F72-3E07A9F586A0}"
EndProject
Project("{FAE04EC0-301F-11D3-BF4B-00C04F79EFBC}") = "OnSale.Prism.Android", "OnSale.Prism\OnSale.Prism.Android\OnSale.Prism.Android.csproj", "{75A3CBFF-9A8A-4566-B360-6BCAB96FD742}"
EndProject
Project("{FAE04EC0-301F-11D3-BF4B-00C04F79EFBC}") = "OnSale.Prism.iOS", "OnSale.Prism\OnSale.Prism.iOS\OnSale.Prism.iOS.csproj", "{C590EF46-F57A-4A34-9DB3-1A68DCCBF2F2}"
EndProject
Project("{FAE04EC0-301F-11D3-BF4B-00C04F79EFBC}") = "OnSale.Prism.UWP", "OnSale.Prism\OnSale.Prism.UWP\OnSale.Prism.UWP.csproj", "{781043A0-1C2C-472D-935F-96638458CD9C}"
EndProject
Global
	GlobalSection(SolutionConfigurationPlatforms) = preSolution
		Ad-Hoc|Any CPU = Ad-Hoc|Any CPU
		Ad-Hoc|ARM = Ad-Hoc|ARM
		Ad-Hoc|iPhone = Ad-Hoc|iPhone
		Ad-Hoc|iPhoneSimulator = Ad-Hoc|iPhoneSimulator
		Ad-Hoc|x64 = Ad-Hoc|x64
		Ad-Hoc|x86 = Ad-Hoc|x86
		AppStore|Any CPU = AppStore|Any CPU
		AppStore|ARM = AppStore|ARM
		AppStore|iPhone = AppStore|iPhone
		AppStore|iPhoneSimulator = AppStore|iPhoneSimulator
		AppStore|x64 = AppStore|x64
		AppStore|x86 = AppStore|x86
		Debug|Any CPU = Debug|Any CPU
		Debug|ARM = Debug|ARM
		Debug|iPhone = Debug|iPhone
		Debug|iPhoneSimulator = Debug|iPhoneSimulator
		Debug|x64 = Debug|x64
		Debug|x86 = Debug|x86
		Release|Any CPU = Release|Any CPU
		Release|ARM = Release|ARM
		Release|iPhone = Release|iPhone
		Release|iPhoneSimulator = Release|iPhoneSimulator
		Release|x64 = Release|x64
		Release|x86 = Release|x86
	EndGlobalSection
	GlobalSection(ProjectConfigurationPlatforms) = postSolution
		{C1D3F65A-4FAF-4751-B412-C3E12100A1ED}.Ad-Hoc|Any CPU.ActiveCfg = Release|Any CPU
		{C1D3F65A-4FAF-4751-B412-C3E12100A1ED}.Ad-Hoc|Any CPU.Build.0 = Release|Any CPU
		{C1D3F65A-4FAF-4751-B412-C3E12100A1ED}.Ad-Hoc|ARM.ActiveCfg = Release|Any CPU
		{C1D3F65A-4FAF-4751-B412-C3E12100A1ED}.Ad-Hoc|ARM.Build.0 = Release|Any CPU
		{C1D3F65A-4FAF-4751-B412-C3E12100A1ED}.Ad-Hoc|iPhone.ActiveCfg = Release|Any CPU
		{C1D3F65A-4FAF-4751-B412-C3E12100A1ED}.Ad-Hoc|iPhone.Build.0 = Release|Any CPU
		{C1D3F65A-4FAF-4751-B412-C3E12100A1ED}.Ad-Hoc|iPhoneSimulator.ActiveCfg = Release|Any CPU
		{C1D3F65A-4FAF-4751-B412-C3E12100A1ED}.Ad-Hoc|iPhoneSimulator.Build.0 = Release|Any CPU
		{C1D3F65A-4FAF-4751-B412-C3E12100A1ED}.Ad-Hoc|x64.ActiveCfg = Release|Any CPU
		{C1D3F65A-4FAF-4751-B412-C3E12100A1ED}.Ad-Hoc|x64.Build.0 = Release|Any CPU
		{C1D3F65A-4FAF-4751-B412-C3E12100A1ED}.Ad-Hoc|x86.ActiveCfg = Release|Any CPU
		{C1D3F65A-4FAF-4751-B412-C3E12100A1ED}.Ad-Hoc|x86.Build.0 = Release|Any CPU
		{C1D3F65A-4FAF-4751-B412-C3E12100A1ED}.AppStore|Any CPU.ActiveCfg = Release|Any CPU
		{C1D3F65A-4FAF-4751-B412-C3E12100A1ED}.AppStore|Any CPU.Build.0 = Release|Any CPU
		{C1D3F65A-4FAF-4751-B412-C3E12100A1ED}.AppStore|ARM.ActiveCfg = Release|Any CPU
		{C1D3F65A-4FAF-4751-B412-C3E12100A1ED}.AppStore|ARM.Build.0 = Release|Any CPU
		{C1D3F65A-4FAF-4751-B412-C3E12100A1ED}.AppStore|iPhone.ActiveCfg = Release|Any CPU
		{C1D3F65A-4FAF-4751-B412-C3E12100A1ED}.AppStore|iPhone.Build.0 = Release|Any CPU
		{C1D3F65A-4FAF-4751-B412-C3E12100A1ED}.AppStore|iPhoneSimulator.ActiveCfg = Release|Any CPU
		{C1D3F65A-4FAF-4751-B412-C3E12100A1ED}.AppStore|iPhoneSimulator.Build.0 = Release|Any CPU
		{C1D3F65A-4FAF-4751-B412-C3E12100A1ED}.AppStore|x64.ActiveCfg = Release|Any CPU
		{C1D3F65A-4FAF-4751-B412-C3E12100A1ED}.AppStore|x64.Build.0 = Release|Any CPU
		{C1D3F65A-4FAF-4751-B412-C3E12100A1ED}.AppStore|x86.ActiveCfg = Release|Any CPU
		{C1D3F65A-4FAF-4751-B412-C3E12100A1ED}.AppStore|x86.Build.0 = Release|Any CPU
		{C1D3F65A-4FAF-4751-B412-C3E12100A1ED}.Debug|Any CPU.ActiveCfg = Debug|Any CPU
		{C1D3F65A-4FAF-4751-B412-C3E12100A1ED}.Debug|Any CPU.Build.0 = Debug|Any CPU
		{C1D3F65A-4FAF-4751-B412-C3E12100A1ED}.Debug|ARM.ActiveCfg = Debug|Any CPU
		{C1D3F65A-4FAF-4751-B412-C3E12100A1ED}.Debug|ARM.Build.0 = Debug|Any CPU
		{C1D3F65A-4FAF-4751-B412-C3E12100A1ED}.Debug|iPhone.ActiveCfg = Debug|Any CPU
		{C1D3F65A-4FAF-4751-B412-C3E12100A1ED}.Debug|iPhone.Build.0 = Debug|Any CPU
		{C1D3F65A-4FAF-4751-B412-C3E12100A1ED}.Debug|iPhoneSimulator.ActiveCfg = Debug|Any CPU
		{C1D3F65A-4FAF-4751-B412-C3E12100A1ED}.Debug|iPhoneSimulator.Build.0 = Debug|Any CPU
		{C1D3F65A-4FAF-4751-B412-C3E12100A1ED}.Debug|x64.ActiveCfg = Debug|Any CPU
		{C1D3F65A-4FAF-4751-B412-C3E12100A1ED}.Debug|x64.Build.0 = Debug|Any CPU
		{C1D3F65A-4FAF-4751-B412-C3E12100A1ED}.Debug|x86.ActiveCfg = Debug|Any CPU
		{C1D3F65A-4FAF-4751-B412-C3E12100A1ED}.Debug|x86.Build.0 = Debug|Any CPU
		{C1D3F65A-4FAF-4751-B412-C3E12100A1ED}.Release|Any CPU.ActiveCfg = Release|Any CPU
		{C1D3F65A-4FAF-4751-B412-C3E12100A1ED}.Release|Any CPU.Build.0 = Release|Any CPU
		{C1D3F65A-4FAF-4751-B412-C3E12100A1ED}.Release|ARM.ActiveCfg = Release|Any CPU
		{C1D3F65A-4FAF-4751-B412-C3E12100A1ED}.Release|ARM.Build.0 = Release|Any CPU
		{C1D3F65A-4FAF-4751-B412-C3E12100A1ED}.Release|iPhone.ActiveCfg = Release|Any CPU
		{C1D3F65A-4FAF-4751-B412-C3E12100A1ED}.Release|iPhone.Build.0 = Release|Any CPU
		{C1D3F65A-4FAF-4751-B412-C3E12100A1ED}.Release|iPhoneSimulator.ActiveCfg = Release|Any CPU
		{C1D3F65A-4FAF-4751-B412-C3E12100A1ED}.Release|iPhoneSimulator.Build.0 = Release|Any CPU
		{C1D3F65A-4FAF-4751-B412-C3E12100A1ED}.Release|x64.ActiveCfg = Release|Any CPU
		{C1D3F65A-4FAF-4751-B412-C3E12100A1ED}.Release|x64.Build.0 = Release|Any CPU
		{C1D3F65A-4FAF-4751-B412-C3E12100A1ED}.Release|x86.ActiveCfg = Release|Any CPU
		{C1D3F65A-4FAF-4751-B412-C3E12100A1ED}.Release|x86.Build.0 = Release|Any CPU
		{6981C32A-54D8-4430-A947-FB01D9883181}.Ad-Hoc|Any CPU.ActiveCfg = Release|Any CPU
		{6981C32A-54D8-4430-A947-FB01D9883181}.Ad-Hoc|Any CPU.Build.0 = Release|Any CPU
		{6981C32A-54D8-4430-A947-FB01D9883181}.Ad-Hoc|ARM.ActiveCfg = Release|Any CPU
		{6981C32A-54D8-4430-A947-FB01D9883181}.Ad-Hoc|ARM.Build.0 = Release|Any CPU
		{6981C32A-54D8-4430-A947-FB01D9883181}.Ad-Hoc|iPhone.ActiveCfg = Release|Any CPU
		{6981C32A-54D8-4430-A947-FB01D9883181}.Ad-Hoc|iPhone.Build.0 = Release|Any CPU
		{6981C32A-54D8-4430-A947-FB01D9883181}.Ad-Hoc|iPhoneSimulator.ActiveCfg = Release|Any CPU
		{6981C32A-54D8-4430-A947-FB01D9883181}.Ad-Hoc|iPhoneSimulator.Build.0 = Release|Any CPU
		{6981C32A-54D8-4430-A947-FB01D9883181}.Ad-Hoc|x64.ActiveCfg = Release|Any CPU
		{6981C32A-54D8-4430-A947-FB01D9883181}.Ad-Hoc|x64.Build.0 = Release|Any CPU
		{6981C32A-54D8-4430-A947-FB01D9883181}.Ad-Hoc|x86.ActiveCfg = Release|Any CPU
		{6981C32A-54D8-4430-A947-FB01D9883181}.Ad-Hoc|x86.Build.0 = Release|Any CPU
		{6981C32A-54D8-4430-A947-FB01D9883181}.AppStore|Any CPU.ActiveCfg = Release|Any CPU
		{6981C32A-54D8-4430-A947-FB01D9883181}.AppStore|Any CPU.Build.0 = Release|Any CPU
		{6981C32A-54D8-4430-A947-FB01D9883181}.AppStore|ARM.ActiveCfg = Release|Any CPU
		{6981C32A-54D8-4430-A947-FB01D9883181}.AppStore|ARM.Build.0 = Release|Any CPU
		{6981C32A-54D8-4430-A947-FB01D9883181}.AppStore|iPhone.ActiveCfg = Release|Any CPU
		{6981C32A-54D8-4430-A947-FB01D9883181}.AppStore|iPhone.Build.0 = Release|Any CPU
		{6981C32A-54D8-4430-A947-FB01D9883181}.AppStore|iPhoneSimulator.ActiveCfg = Release|Any CPU
		{6981C32A-54D8-4430-A947-FB01D9883181}.AppStore|iPhoneSimulator.Build.0 = Release|Any CPU
		{6981C32A-54D8-4430-A947-FB01D9883181}.AppStore|x64.ActiveCfg = Release|Any CPU
		{6981C32A-54D8-4430-A947-FB01D9883181}.AppStore|x64.Build.0 = Release|Any CPU
		{6981C32A-54D8-4430-A947-FB01D9883181}.AppStore|x86.ActiveCfg = Release|Any CPU
		{6981C32A-54D8-4430-A947-FB01D9883181}.AppStore|x86.Build.0 = Release|Any CPU
		{6981C32A-54D8-4430-A947-FB01D9883181}.Debug|Any CPU.ActiveCfg = Debug|Any CPU
		{6981C32A-54D8-4430-A947-FB01D9883181}.Debug|Any CPU.Build.0 = Debug|Any CPU
		{6981C32A-54D8-4430-A947-FB01D9883181}.Debug|ARM.ActiveCfg = Debug|Any CPU
		{6981C32A-54D8-4430-A947-FB01D9883181}.Debug|ARM.Build.0 = Debug|Any CPU
		{6981C32A-54D8-4430-A947-FB01D9883181}.Debug|iPhone.ActiveCfg = Debug|Any CPU
		{6981C32A-54D8-4430-A947-FB01D9883181}.Debug|iPhone.Build.0 = Debug|Any CPU
		{6981C32A-54D8-4430-A947-FB01D9883181}.Debug|iPhoneSimulator.ActiveCfg = Debug|Any CPU
		{6981C32A-54D8-4430-A947-FB01D9883181}.Debug|iPhoneSimulator.Build.0 = Debug|Any CPU
		{6981C32A-54D8-4430-A947-FB01D9883181}.Debug|x64.ActiveCfg = Debug|Any CPU
		{6981C32A-54D8-4430-A947-FB01D9883181}.Debug|x64.Build.0 = Debug|Any CPU
		{6981C32A-54D8-4430-A947-FB01D9883181}.Debug|x86.ActiveCfg = Debug|Any CPU
		{6981C32A-54D8-4430-A947-FB01D9883181}.Debug|x86.Build.0 = Debug|Any CPU
		{6981C32A-54D8-4430-A947-FB01D9883181}.Release|Any CPU.ActiveCfg = Release|Any CPU
		{6981C32A-54D8-4430-A947-FB01D9883181}.Release|Any CPU.Build.0 = Release|Any CPU
		{6981C32A-54D8-4430-A947-FB01D9883181}.Release|ARM.ActiveCfg = Release|Any CPU
		{6981C32A-54D8-4430-A947-FB01D9883181}.Release|ARM.Build.0 = Release|Any CPU
		{6981C32A-54D8-4430-A947-FB01D9883181}.Release|iPhone.ActiveCfg = Release|Any CPU
		{6981C32A-54D8-4430-A947-FB01D9883181}.Release|iPhone.Build.0 = Release|Any CPU
		{6981C32A-54D8-4430-A947-FB01D9883181}.Release|iPhoneSimulator.ActiveCfg = Release|Any CPU
		{6981C32A-54D8-4430-A947-FB01D9883181}.Release|iPhoneSimulator.Build.0 = Release|Any CPU
		{6981C32A-54D8-4430-A947-FB01D9883181}.Release|x64.ActiveCfg = Release|Any CPU
		{6981C32A-54D8-4430-A947-FB01D9883181}.Release|x64.Build.0 = Release|Any CPU
		{6981C32A-54D8-4430-A947-FB01D9883181}.Release|x86.ActiveCfg = Release|Any CPU
		{6981C32A-54D8-4430-A947-FB01D9883181}.Release|x86.Build.0 = Release|Any CPU
		{27D279D8-A7E6-464C-8F72-3E07A9F586A0}.Ad-Hoc|Any CPU.ActiveCfg = Release|Any CPU
		{27D279D8-A7E6-464C-8F72-3E07A9F586A0}.Ad-Hoc|Any CPU.Build.0 = Release|Any CPU
		{27D279D8-A7E6-464C-8F72-3E07A9F586A0}.Ad-Hoc|ARM.ActiveCfg = Release|Any CPU
		{27D279D8-A7E6-464C-8F72-3E07A9F586A0}.Ad-Hoc|ARM.Build.0 = Release|Any CPU
		{27D279D8-A7E6-464C-8F72-3E07A9F586A0}.Ad-Hoc|iPhone.ActiveCfg = Release|Any CPU
		{27D279D8-A7E6-464C-8F72-3E07A9F586A0}.Ad-Hoc|iPhone.Build.0 = Release|Any CPU
		{27D279D8-A7E6-464C-8F72-3E07A9F586A0}.Ad-Hoc|iPhoneSimulator.ActiveCfg = Release|Any CPU
		{27D279D8-A7E6-464C-8F72-3E07A9F586A0}.Ad-Hoc|iPhoneSimulator.Build.0 = Release|Any CPU
		{27D279D8-A7E6-464C-8F72-3E07A9F586A0}.Ad-Hoc|x64.ActiveCfg = Release|Any CPU
		{27D279D8-A7E6-464C-8F72-3E07A9F586A0}.Ad-Hoc|x64.Build.0 = Release|Any CPU
		{27D279D8-A7E6-464C-8F72-3E07A9F586A0}.Ad-Hoc|x86.ActiveCfg = Release|Any CPU
		{27D279D8-A7E6-464C-8F72-3E07A9F586A0}.Ad-Hoc|x86.Build.0 = Release|Any CPU
		{27D279D8-A7E6-464C-8F72-3E07A9F586A0}.AppStore|Any CPU.ActiveCfg = Release|Any CPU
		{27D279D8-A7E6-464C-8F72-3E07A9F586A0}.AppStore|Any CPU.Build.0 = Release|Any CPU
		{27D279D8-A7E6-464C-8F72-3E07A9F586A0}.AppStore|ARM.ActiveCfg = Release|Any CPU
		{27D279D8-A7E6-464C-8F72-3E07A9F586A0}.AppStore|ARM.Build.0 = Release|Any CPU
		{27D279D8-A7E6-464C-8F72-3E07A9F586A0}.AppStore|iPhone.ActiveCfg = Release|Any CPU
		{27D279D8-A7E6-464C-8F72-3E07A9F586A0}.AppStore|iPhone.Build.0 = Release|Any CPU
		{27D279D8-A7E6-464C-8F72-3E07A9F586A0}.AppStore|iPhoneSimulator.ActiveCfg = Release|Any CPU
		{27D279D8-A7E6-464C-8F72-3E07A9F586A0}.AppStore|iPhoneSimulator.Build.0 = Release|Any CPU
		{27D279D8-A7E6-464C-8F72-3E07A9F586A0}.AppStore|x64.ActiveCfg = Release|Any CPU
		{27D279D8-A7E6-464C-8F72-3E07A9F586A0}.AppStore|x64.Build.0 = Release|Any CPU
		{27D279D8-A7E6-464C-8F72-3E07A9F586A0}.AppStore|x86.ActiveCfg = Release|Any CPU
		{27D279D8-A7E6-464C-8F72-3E07A9F586A0}.AppStore|x86.Build.0 = Release|Any CPU
		{27D279D8-A7E6-464C-8F72-3E07A9F586A0}.Debug|Any CPU.ActiveCfg = Debug|Any CPU
		{27D279D8-A7E6-464C-8F72-3E07A9F586A0}.Debug|Any CPU.Build.0 = Debug|Any CPU
		{27D279D8-A7E6-464C-8F72-3E07A9F586A0}.Debug|ARM.ActiveCfg = Debug|Any CPU
		{27D279D8-A7E6-464C-8F72-3E07A9F586A0}.Debug|ARM.Build.0 = Debug|Any CPU
		{27D279D8-A7E6-464C-8F72-3E07A9F586A0}.Debug|iPhone.ActiveCfg = Debug|Any CPU
		{27D279D8-A7E6-464C-8F72-3E07A9F586A0}.Debug|iPhone.Build.0 = Debug|Any CPU
		{27D279D8-A7E6-464C-8F72-3E07A9F586A0}.Debug|iPhoneSimulator.ActiveCfg = Debug|Any CPU
		{27D279D8-A7E6-464C-8F72-3E07A9F586A0}.Debug|iPhoneSimulator.Build.0 = Debug|Any CPU
		{27D279D8-A7E6-464C-8F72-3E07A9F586A0}.Debug|x64.ActiveCfg = Debug|Any CPU
		{27D279D8-A7E6-464C-8F72-3E07A9F586A0}.Debug|x64.Build.0 = Debug|Any CPU
		{27D279D8-A7E6-464C-8F72-3E07A9F586A0}.Debug|x86.ActiveCfg = Debug|Any CPU
		{27D279D8-A7E6-464C-8F72-3E07A9F586A0}.Debug|x86.Build.0 = Debug|Any CPU
		{27D279D8-A7E6-464C-8F72-3E07A9F586A0}.Release|Any CPU.ActiveCfg = Release|Any CPU
		{27D279D8-A7E6-464C-8F72-3E07A9F586A0}.Release|Any CPU.Build.0 = Release|Any CPU
		{27D279D8-A7E6-464C-8F72-3E07A9F586A0}.Release|ARM.ActiveCfg = Release|Any CPU
		{27D279D8-A7E6-464C-8F72-3E07A9F586A0}.Release|ARM.Build.0 = Release|Any CPU
		{27D279D8-A7E6-464C-8F72-3E07A9F586A0}.Release|iPhone.ActiveCfg = Release|Any CPU
		{27D279D8-A7E6-464C-8F72-3E07A9F586A0}.Release|iPhone.Build.0 = Release|Any CPU
		{27D279D8-A7E6-464C-8F72-3E07A9F586A0}.Release|iPhoneSimulator.ActiveCfg = Release|Any CPU
		{27D279D8-A7E6-464C-8F72-3E07A9F586A0}.Release|iPhoneSimulator.Build.0 = Release|Any CPU
		{27D279D8-A7E6-464C-8F72-3E07A9F586A0}.Release|x64.ActiveCfg = Release|Any CPU
		{27D279D8-A7E6-464C-8F72-3E07A9F586A0}.Release|x64.Build.0 = Release|Any CPU
		{27D279D8-A7E6-464C-8F72-3E07A9F586A0}.Release|x86.ActiveCfg = Release|Any CPU
		{27D279D8-A7E6-464C-8F72-3E07A9F586A0}.Release|x86.Build.0 = Release|Any CPU
		{75A3CBFF-9A8A-4566-B360-6BCAB96FD742}.Ad-Hoc|Any CPU.ActiveCfg = Debug|Any CPU
		{75A3CBFF-9A8A-4566-B360-6BCAB96FD742}.Ad-Hoc|Any CPU.Build.0 = Debug|Any CPU
		{75A3CBFF-9A8A-4566-B360-6BCAB96FD742}.Ad-Hoc|Any CPU.Deploy.0 = Debug|Any CPU
		{75A3CBFF-9A8A-4566-B360-6BCAB96FD742}.Ad-Hoc|ARM.ActiveCfg = Debug|Any CPU
		{75A3CBFF-9A8A-4566-B360-6BCAB96FD742}.Ad-Hoc|ARM.Build.0 = Debug|Any CPU
		{75A3CBFF-9A8A-4566-B360-6BCAB96FD742}.Ad-Hoc|ARM.Deploy.0 = Debug|Any CPU
		{75A3CBFF-9A8A-4566-B360-6BCAB96FD742}.Ad-Hoc|iPhone.ActiveCfg = Debug|Any CPU
		{75A3CBFF-9A8A-4566-B360-6BCAB96FD742}.Ad-Hoc|iPhone.Build.0 = Debug|Any CPU
		{75A3CBFF-9A8A-4566-B360-6BCAB96FD742}.Ad-Hoc|iPhone.Deploy.0 = Debug|Any CPU
		{75A3CBFF-9A8A-4566-B360-6BCAB96FD742}.Ad-Hoc|iPhoneSimulator.ActiveCfg = Debug|Any CPU
		{75A3CBFF-9A8A-4566-B360-6BCAB96FD742}.Ad-Hoc|iPhoneSimulator.Build.0 = Debug|Any CPU
		{75A3CBFF-9A8A-4566-B360-6BCAB96FD742}.Ad-Hoc|iPhoneSimulator.Deploy.0 = Debug|Any CPU
		{75A3CBFF-9A8A-4566-B360-6BCAB96FD742}.Ad-Hoc|x64.ActiveCfg = Debug|Any CPU
		{75A3CBFF-9A8A-4566-B360-6BCAB96FD742}.Ad-Hoc|x64.Build.0 = Debug|Any CPU
		{75A3CBFF-9A8A-4566-B360-6BCAB96FD742}.Ad-Hoc|x64.Deploy.0 = Debug|Any CPU
		{75A3CBFF-9A8A-4566-B360-6BCAB96FD742}.Ad-Hoc|x86.ActiveCfg = Debug|Any CPU
		{75A3CBFF-9A8A-4566-B360-6BCAB96FD742}.Ad-Hoc|x86.Build.0 = Debug|Any CPU
		{75A3CBFF-9A8A-4566-B360-6BCAB96FD742}.Ad-Hoc|x86.Deploy.0 = Debug|Any CPU
		{75A3CBFF-9A8A-4566-B360-6BCAB96FD742}.AppStore|Any CPU.ActiveCfg = Debug|Any CPU
		{75A3CBFF-9A8A-4566-B360-6BCAB96FD742}.AppStore|Any CPU.Build.0 = Debug|Any CPU
		{75A3CBFF-9A8A-4566-B360-6BCAB96FD742}.AppStore|Any CPU.Deploy.0 = Debug|Any CPU
		{75A3CBFF-9A8A-4566-B360-6BCAB96FD742}.AppStore|ARM.ActiveCfg = Debug|Any CPU
		{75A3CBFF-9A8A-4566-B360-6BCAB96FD742}.AppStore|ARM.Build.0 = Debug|Any CPU
		{75A3CBFF-9A8A-4566-B360-6BCAB96FD742}.AppStore|ARM.Deploy.0 = Debug|Any CPU
		{75A3CBFF-9A8A-4566-B360-6BCAB96FD742}.AppStore|iPhone.ActiveCfg = Debug|Any CPU
		{75A3CBFF-9A8A-4566-B360-6BCAB96FD742}.AppStore|iPhone.Build.0 = Debug|Any CPU
		{75A3CBFF-9A8A-4566-B360-6BCAB96FD742}.AppStore|iPhone.Deploy.0 = Debug|Any CPU
		{75A3CBFF-9A8A-4566-B360-6BCAB96FD742}.AppStore|iPhoneSimulator.ActiveCfg = Debug|Any CPU
		{75A3CBFF-9A8A-4566-B360-6BCAB96FD742}.AppStore|iPhoneSimulator.Build.0 = Debug|Any CPU
		{75A3CBFF-9A8A-4566-B360-6BCAB96FD742}.AppStore|iPhoneSimulator.Deploy.0 = Debug|Any CPU
		{75A3CBFF-9A8A-4566-B360-6BCAB96FD742}.AppStore|x64.ActiveCfg = Debug|Any CPU
		{75A3CBFF-9A8A-4566-B360-6BCAB96FD742}.AppStore|x64.Build.0 = Debug|Any CPU
		{75A3CBFF-9A8A-4566-B360-6BCAB96FD742}.AppStore|x64.Deploy.0 = Debug|Any CPU
		{75A3CBFF-9A8A-4566-B360-6BCAB96FD742}.AppStore|x86.ActiveCfg = Debug|Any CPU
		{75A3CBFF-9A8A-4566-B360-6BCAB96FD742}.AppStore|x86.Build.0 = Debug|Any CPU
		{75A3CBFF-9A8A-4566-B360-6BCAB96FD742}.AppStore|x86.Deploy.0 = Debug|Any CPU
		{75A3CBFF-9A8A-4566-B360-6BCAB96FD742}.Debug|Any CPU.ActiveCfg = Debug|Any CPU
		{75A3CBFF-9A8A-4566-B360-6BCAB96FD742}.Debug|Any CPU.Build.0 = Debug|Any CPU
		{75A3CBFF-9A8A-4566-B360-6BCAB96FD742}.Debug|Any CPU.Deploy.0 = Debug|Any CPU
		{75A3CBFF-9A8A-4566-B360-6BCAB96FD742}.Debug|ARM.ActiveCfg = Debug|Any CPU
		{75A3CBFF-9A8A-4566-B360-6BCAB96FD742}.Debug|ARM.Build.0 = Debug|Any CPU
		{75A3CBFF-9A8A-4566-B360-6BCAB96FD742}.Debug|ARM.Deploy.0 = Debug|Any CPU
		{75A3CBFF-9A8A-4566-B360-6BCAB96FD742}.Debug|iPhone.ActiveCfg = Debug|Any CPU
		{75A3CBFF-9A8A-4566-B360-6BCAB96FD742}.Debug|iPhone.Build.0 = Debug|Any CPU
		{75A3CBFF-9A8A-4566-B360-6BCAB96FD742}.Debug|iPhone.Deploy.0 = Debug|Any CPU
		{75A3CBFF-9A8A-4566-B360-6BCAB96FD742}.Debug|iPhoneSimulator.ActiveCfg = Debug|Any CPU
		{75A3CBFF-9A8A-4566-B360-6BCAB96FD742}.Debug|iPhoneSimulator.Build.0 = Debug|Any CPU
		{75A3CBFF-9A8A-4566-B360-6BCAB96FD742}.Debug|iPhoneSimulator.Deploy.0 = Debug|Any CPU
		{75A3CBFF-9A8A-4566-B360-6BCAB96FD742}.Debug|x64.ActiveCfg = Debug|Any CPU
		{75A3CBFF-9A8A-4566-B360-6BCAB96FD742}.Debug|x64.Build.0 = Debug|Any CPU
		{75A3CBFF-9A8A-4566-B360-6BCAB96FD742}.Debug|x64.Deploy.0 = Debug|Any CPU
		{75A3CBFF-9A8A-4566-B360-6BCAB96FD742}.Debug|x86.ActiveCfg = Debug|Any CPU
		{75A3CBFF-9A8A-4566-B360-6BCAB96FD742}.Debug|x86.Build.0 = Debug|Any CPU
		{75A3CBFF-9A8A-4566-B360-6BCAB96FD742}.Debug|x86.Deploy.0 = Debug|Any CPU
		{75A3CBFF-9A8A-4566-B360-6BCAB96FD742}.Release|Any CPU.ActiveCfg = Release|Any CPU
		{75A3CBFF-9A8A-4566-B360-6BCAB96FD742}.Release|Any CPU.Build.0 = Release|Any CPU
		{75A3CBFF-9A8A-4566-B360-6BCAB96FD742}.Release|Any CPU.Deploy.0 = Release|Any CPU
		{75A3CBFF-9A8A-4566-B360-6BCAB96FD742}.Release|ARM.ActiveCfg = Release|Any CPU
		{75A3CBFF-9A8A-4566-B360-6BCAB96FD742}.Release|ARM.Build.0 = Release|Any CPU
		{75A3CBFF-9A8A-4566-B360-6BCAB96FD742}.Release|ARM.Deploy.0 = Release|Any CPU
		{75A3CBFF-9A8A-4566-B360-6BCAB96FD742}.Release|iPhone.ActiveCfg = Release|Any CPU
		{75A3CBFF-9A8A-4566-B360-6BCAB96FD742}.Release|iPhone.Build.0 = Release|Any CPU
		{75A3CBFF-9A8A-4566-B360-6BCAB96FD742}.Release|iPhone.Deploy.0 = Release|Any CPU
		{75A3CBFF-9A8A-4566-B360-6BCAB96FD742}.Release|iPhoneSimulator.ActiveCfg = Release|Any CPU
		{75A3CBFF-9A8A-4566-B360-6BCAB96FD742}.Release|iPhoneSimulator.Build.0 = Release|Any CPU
		{75A3CBFF-9A8A-4566-B360-6BCAB96FD742}.Release|iPhoneSimulator.Deploy.0 = Release|Any CPU
		{75A3CBFF-9A8A-4566-B360-6BCAB96FD742}.Release|x64.ActiveCfg = Release|Any CPU
		{75A3CBFF-9A8A-4566-B360-6BCAB96FD742}.Release|x64.Build.0 = Release|Any CPU
		{75A3CBFF-9A8A-4566-B360-6BCAB96FD742}.Release|x64.Deploy.0 = Release|Any CPU
		{75A3CBFF-9A8A-4566-B360-6BCAB96FD742}.Release|x86.ActiveCfg = Release|Any CPU
		{75A3CBFF-9A8A-4566-B360-6BCAB96FD742}.Release|x86.Build.0 = Release|Any CPU
		{75A3CBFF-9A8A-4566-B360-6BCAB96FD742}.Release|x86.Deploy.0 = Release|Any CPU
		{C590EF46-F57A-4A34-9DB3-1A68DCCBF2F2}.Ad-Hoc|Any CPU.ActiveCfg = Ad-Hoc|iPhoneSimulator
		{C590EF46-F57A-4A34-9DB3-1A68DCCBF2F2}.Ad-Hoc|ARM.ActiveCfg = Ad-Hoc|iPhoneSimulator
		{C590EF46-F57A-4A34-9DB3-1A68DCCBF2F2}.Ad-Hoc|iPhone.ActiveCfg = Ad-Hoc|iPhone
		{C590EF46-F57A-4A34-9DB3-1A68DCCBF2F2}.Ad-Hoc|iPhone.Build.0 = Ad-Hoc|iPhone
		{C590EF46-F57A-4A34-9DB3-1A68DCCBF2F2}.Ad-Hoc|iPhoneSimulator.ActiveCfg = Ad-Hoc|iPhoneSimulator
		{C590EF46-F57A-4A34-9DB3-1A68DCCBF2F2}.Ad-Hoc|iPhoneSimulator.Build.0 = Ad-Hoc|iPhoneSimulator
		{C590EF46-F57A-4A34-9DB3-1A68DCCBF2F2}.Ad-Hoc|x64.ActiveCfg = Ad-Hoc|iPhoneSimulator
		{C590EF46-F57A-4A34-9DB3-1A68DCCBF2F2}.Ad-Hoc|x86.ActiveCfg = Ad-Hoc|iPhoneSimulator
		{C590EF46-F57A-4A34-9DB3-1A68DCCBF2F2}.AppStore|Any CPU.ActiveCfg = AppStore|iPhoneSimulator
		{C590EF46-F57A-4A34-9DB3-1A68DCCBF2F2}.AppStore|ARM.ActiveCfg = AppStore|iPhoneSimulator
		{C590EF46-F57A-4A34-9DB3-1A68DCCBF2F2}.AppStore|iPhone.ActiveCfg = AppStore|iPhone
		{C590EF46-F57A-4A34-9DB3-1A68DCCBF2F2}.AppStore|iPhone.Build.0 = AppStore|iPhone
		{C590EF46-F57A-4A34-9DB3-1A68DCCBF2F2}.AppStore|iPhoneSimulator.ActiveCfg = AppStore|iPhoneSimulator
		{C590EF46-F57A-4A34-9DB3-1A68DCCBF2F2}.AppStore|iPhoneSimulator.Build.0 = AppStore|iPhoneSimulator
		{C590EF46-F57A-4A34-9DB3-1A68DCCBF2F2}.AppStore|x64.ActiveCfg = AppStore|iPhoneSimulator
		{C590EF46-F57A-4A34-9DB3-1A68DCCBF2F2}.AppStore|x86.ActiveCfg = AppStore|iPhoneSimulator
		{C590EF46-F57A-4A34-9DB3-1A68DCCBF2F2}.Debug|Any CPU.ActiveCfg = Debug|iPhoneSimulator
		{C590EF46-F57A-4A34-9DB3-1A68DCCBF2F2}.Debug|ARM.ActiveCfg = Debug|iPhoneSimulator
		{C590EF46-F57A-4A34-9DB3-1A68DCCBF2F2}.Debug|iPhone.ActiveCfg = Debug|iPhone
		{C590EF46-F57A-4A34-9DB3-1A68DCCBF2F2}.Debug|iPhone.Build.0 = Debug|iPhone
		{C590EF46-F57A-4A34-9DB3-1A68DCCBF2F2}.Debug|iPhoneSimulator.ActiveCfg = Debug|iPhoneSimulator
		{C590EF46-F57A-4A34-9DB3-1A68DCCBF2F2}.Debug|iPhoneSimulator.Build.0 = Debug|iPhoneSimulator
		{C590EF46-F57A-4A34-9DB3-1A68DCCBF2F2}.Debug|x64.ActiveCfg = Debug|iPhoneSimulator
		{C590EF46-F57A-4A34-9DB3-1A68DCCBF2F2}.Debug|x86.ActiveCfg = Debug|iPhoneSimulator
		{C590EF46-F57A-4A34-9DB3-1A68DCCBF2F2}.Release|Any CPU.ActiveCfg = Release|iPhoneSimulator
		{C590EF46-F57A-4A34-9DB3-1A68DCCBF2F2}.Release|ARM.ActiveCfg = Release|iPhoneSimulator
		{C590EF46-F57A-4A34-9DB3-1A68DCCBF2F2}.Release|iPhone.ActiveCfg = Release|iPhone
		{C590EF46-F57A-4A34-9DB3-1A68DCCBF2F2}.Release|iPhone.Build.0 = Release|iPhone
		{C590EF46-F57A-4A34-9DB3-1A68DCCBF2F2}.Release|iPhoneSimulator.ActiveCfg = Release|iPhoneSimulator
		{C590EF46-F57A-4A34-9DB3-1A68DCCBF2F2}.Release|iPhoneSimulator.Build.0 = Release|iPhoneSimulator
		{C590EF46-F57A-4A34-9DB3-1A68DCCBF2F2}.Release|x64.ActiveCfg = Release|iPhoneSimulator
		{C590EF46-F57A-4A34-9DB3-1A68DCCBF2F2}.Release|x86.ActiveCfg = Release|iPhoneSimulator
		{781043A0-1C2C-472D-935F-96638458CD9C}.Ad-Hoc|Any CPU.ActiveCfg = Debug|ARM
		{781043A0-1C2C-472D-935F-96638458CD9C}.Ad-Hoc|Any CPU.Build.0 = Debug|ARM
		{781043A0-1C2C-472D-935F-96638458CD9C}.Ad-Hoc|Any CPU.Deploy.0 = Debug|ARM
		{781043A0-1C2C-472D-935F-96638458CD9C}.Ad-Hoc|ARM.ActiveCfg = Debug|ARM
		{781043A0-1C2C-472D-935F-96638458CD9C}.Ad-Hoc|ARM.Build.0 = Debug|ARM
		{781043A0-1C2C-472D-935F-96638458CD9C}.Ad-Hoc|ARM.Deploy.0 = Debug|ARM
		{781043A0-1C2C-472D-935F-96638458CD9C}.Ad-Hoc|iPhone.ActiveCfg = Debug|ARM
		{781043A0-1C2C-472D-935F-96638458CD9C}.Ad-Hoc|iPhone.Build.0 = Debug|ARM
		{781043A0-1C2C-472D-935F-96638458CD9C}.Ad-Hoc|iPhone.Deploy.0 = Debug|ARM
		{781043A0-1C2C-472D-935F-96638458CD9C}.Ad-Hoc|iPhoneSimulator.ActiveCfg = Debug|ARM
		{781043A0-1C2C-472D-935F-96638458CD9C}.Ad-Hoc|iPhoneSimulator.Build.0 = Debug|ARM
		{781043A0-1C2C-472D-935F-96638458CD9C}.Ad-Hoc|iPhoneSimulator.Deploy.0 = Debug|ARM
		{781043A0-1C2C-472D-935F-96638458CD9C}.Ad-Hoc|x64.ActiveCfg = Debug|x64
		{781043A0-1C2C-472D-935F-96638458CD9C}.Ad-Hoc|x64.Build.0 = Debug|x64
		{781043A0-1C2C-472D-935F-96638458CD9C}.Ad-Hoc|x64.Deploy.0 = Debug|x64
		{781043A0-1C2C-472D-935F-96638458CD9C}.Ad-Hoc|x86.ActiveCfg = Debug|x86
		{781043A0-1C2C-472D-935F-96638458CD9C}.Ad-Hoc|x86.Build.0 = Debug|x86
		{781043A0-1C2C-472D-935F-96638458CD9C}.Ad-Hoc|x86.Deploy.0 = Debug|x86
		{781043A0-1C2C-472D-935F-96638458CD9C}.AppStore|Any CPU.ActiveCfg = Debug|ARM
		{781043A0-1C2C-472D-935F-96638458CD9C}.AppStore|Any CPU.Build.0 = Debug|ARM
		{781043A0-1C2C-472D-935F-96638458CD9C}.AppStore|Any CPU.Deploy.0 = Debug|ARM
		{781043A0-1C2C-472D-935F-96638458CD9C}.AppStore|ARM.ActiveCfg = Debug|ARM
		{781043A0-1C2C-472D-935F-96638458CD9C}.AppStore|ARM.Build.0 = Debug|ARM
		{781043A0-1C2C-472D-935F-96638458CD9C}.AppStore|ARM.Deploy.0 = Debug|ARM
		{781043A0-1C2C-472D-935F-96638458CD9C}.AppStore|iPhone.ActiveCfg = Debug|ARM
		{781043A0-1C2C-472D-935F-96638458CD9C}.AppStore|iPhone.Build.0 = Debug|ARM
		{781043A0-1C2C-472D-935F-96638458CD9C}.AppStore|iPhone.Deploy.0 = Debug|ARM
		{781043A0-1C2C-472D-935F-96638458CD9C}.AppStore|iPhoneSimulator.ActiveCfg = Debug|ARM
		{781043A0-1C2C-472D-935F-96638458CD9C}.AppStore|iPhoneSimulator.Build.0 = Debug|ARM
		{781043A0-1C2C-472D-935F-96638458CD9C}.AppStore|iPhoneSimulator.Deploy.0 = Debug|ARM
		{781043A0-1C2C-472D-935F-96638458CD9C}.AppStore|x64.ActiveCfg = Debug|x64
		{781043A0-1C2C-472D-935F-96638458CD9C}.AppStore|x64.Build.0 = Debug|x64
		{781043A0-1C2C-472D-935F-96638458CD9C}.AppStore|x64.Deploy.0 = Debug|x64
		{781043A0-1C2C-472D-935F-96638458CD9C}.AppStore|x86.ActiveCfg = Debug|x86
		{781043A0-1C2C-472D-935F-96638458CD9C}.AppStore|x86.Build.0 = Debug|x86
		{781043A0-1C2C-472D-935F-96638458CD9C}.AppStore|x86.Deploy.0 = Debug|x86
		{781043A0-1C2C-472D-935F-96638458CD9C}.Debug|Any CPU.ActiveCfg = Debug|x86
		{781043A0-1C2C-472D-935F-96638458CD9C}.Debug|ARM.ActiveCfg = Debug|ARM
		{781043A0-1C2C-472D-935F-96638458CD9C}.Debug|ARM.Build.0 = Debug|ARM
		{781043A0-1C2C-472D-935F-96638458CD9C}.Debug|ARM.Deploy.0 = Debug|ARM
		{781043A0-1C2C-472D-935F-96638458CD9C}.Debug|iPhone.ActiveCfg = Debug|x86
		{781043A0-1C2C-472D-935F-96638458CD9C}.Debug|iPhoneSimulator.ActiveCfg = Debug|x86
		{781043A0-1C2C-472D-935F-96638458CD9C}.Debug|x64.ActiveCfg = Debug|x64
		{781043A0-1C2C-472D-935F-96638458CD9C}.Debug|x64.Build.0 = Debug|x64
		{781043A0-1C2C-472D-935F-96638458CD9C}.Debug|x64.Deploy.0 = Debug|x64
		{781043A0-1C2C-472D-935F-96638458CD9C}.Debug|x86.ActiveCfg = Debug|x86
		{781043A0-1C2C-472D-935F-96638458CD9C}.Debug|x86.Build.0 = Debug|x86
		{781043A0-1C2C-472D-935F-96638458CD9C}.Debug|x86.Deploy.0 = Debug|x86
		{781043A0-1C2C-472D-935F-96638458CD9C}.Release|Any CPU.ActiveCfg = Release|x86
		{781043A0-1C2C-472D-935F-96638458CD9C}.Release|ARM.ActiveCfg = Release|ARM
		{781043A0-1C2C-472D-935F-96638458CD9C}.Release|ARM.Build.0 = Release|ARM
		{781043A0-1C2C-472D-935F-96638458CD9C}.Release|ARM.Deploy.0 = Release|ARM
		{781043A0-1C2C-472D-935F-96638458CD9C}.Release|iPhone.ActiveCfg = Release|x86
		{781043A0-1C2C-472D-935F-96638458CD9C}.Release|iPhoneSimulator.ActiveCfg = Release|x86
		{781043A0-1C2C-472D-935F-96638458CD9C}.Release|x64.ActiveCfg = Release|x64
		{781043A0-1C2C-472D-935F-96638458CD9C}.Release|x64.Build.0 = Release|x64
		{781043A0-1C2C-472D-935F-96638458CD9C}.Release|x64.Deploy.0 = Release|x64
		{781043A0-1C2C-472D-935F-96638458CD9C}.Release|x86.ActiveCfg = Release|x86
		{781043A0-1C2C-472D-935F-96638458CD9C}.Release|x86.Build.0 = Release|x86
		{781043A0-1C2C-472D-935F-96638458CD9C}.Release|x86.Deploy.0 = Release|x86
	EndGlobalSection
	GlobalSection(SolutionProperties) = preSolution
		HideSolutionNode = FALSE
	EndGlobalSection
	GlobalSection(ExtensibilityGlobals) = postSolution
		SolutionGuid = {2BC1B02F-18C3-474C-AD12-535033CE6EF1}
	EndGlobalSection
EndGlobal
